{
  "name": "uniapp-template-server",
  "lockfileVersion": 3,
  "requires": true,
  "packages": {
    "": {
      "name": "uniapp-template-server",
      "dependencies": {
        "h3": "^1.15.3",
        "listhen": "^1.9.0"
      }
    },
    "node_modules/@parcel/watcher-wasm": {
      "version": "2.6.0",
      "resolved": "https://registry.npmjs.org/@parcel/watcher-wasm/-/watcher-wasm-2.6.0.tgz",
      "integrity": "sha512-dtjbDxKSDPQ8AmA+pS4OFaHE1FKrjtGpLGBxw85uKFkRorjNbvDM/aFPgqosu40wprbp1xw2ZSxIKqghCUHe2w==",
      "bundleDependencies": [
        "napi-wasm"
      ],
      "license": "MIT",
      "dependencies": {
        "is-glob": "^4.0.3",
        "napi-wasm": "^1.1.0",
        "picomatch": "^4.0.4"
      },
      "engines": {
        "node": ">= 10.0.0"
      },
      "funding": {
        "type": "opencollective",
        "url": "https://opencollective.com/parcel"
      }
    },
    "node_modules/@parcel/watcher-wasm/node_modules/napi-wasm": {
      "version": "1.1.0",
      "inBundle": true,
      "license": "MIT"
    },
    "node_modules/citty": {
      "version": "0.2.2",
      "resolved": "https://registry.npmjs.org/citty/-/citty-0.2.2.tgz",
      "integrity": "sha512-+6vJA3L98yv+IdfKGZHBNiGW5KHn22e/JwID0Strsz8h4S/csAu/OuICwxrg44k5MRiZHWIo8XXuJgQTriRP4w==",
      "license": "MIT"
    },
    "node_modules/consola": {
      "version": "3.4.2",
      "resolved": "https://registry.npmjs.org/consola/-/consola-3.4.2.tgz",
      "integrity": "sha512-5IKcdX0nnYavi6G7TtOhwkYzyjfJlatbjMjuLSfE2kYT5pMDOilZ4OvMhi637CcDICTmz3wARPoyhqyX1Y+XvA==",
      "license": "MIT",
      "engines": {
        "node": "^14.18.0 || >=16.10.0"
      }
    },
    "node_modules/cookie-es": {
      "version": "1.2.3",
      "resolved": "https://registry.npmjs.org/cookie-es/-/cookie-es-1.2.3.tgz",
      "integrity": "sha512-lXVyvUvrNXblMqzIRrxHb57UUVmqsSWlxqt3XIjCkUP0wDAf6uicO6KMbEgYrMNtEvWgWHwe42CKxPu9MYAnWw==",
      "license": "MIT"
    },
    "node_modules/crossws": {
      "version": "0.3.5",
      "resolved": "https://registry.npmjs.org/crossws/-/crossws-0.3.5.tgz",
      "integrity": "sha512-ojKiDvcmByhwa8YYqbQI/hg7MEU0NC03+pSdEq4ZUnZR9xXpwk7E43SMNGkn+JxJGPFtNvQ48+vV2p+P1ml5PA==",
      "license": "MIT",
      "dependencies": {
        "uncrypto": "^0.1.3"
      }
    },
    "node_modules/defu": {
      "version": "6.1.7",
      "resolved": "https://registry.npmjs.org/defu/-/defu-6.1.7.tgz",
      "integrity": "sha512-7z22QmUWiQ/2d0KkdYmANbRUVABpZ9SNYyH5vx6PZ+nE5bcC0l7uFvEfHlyld/HcGBFTL536ClDt3DEcSlEJAQ==",
      "license": "MIT"
    },
    "node_modules/destr": {
      "version": "2.0.5",
      "resolved": "https://registry.npmjs.org/destr/-/destr-2.0.5.tgz",
      "integrity": "sha512-ugFTXCtDZunbzasqBxrK93Ik/DRYsO6S/fedkWEMKqt04xZ4csmnmwGDBAb07QWNaGMAmnTIemsYZCksjATwsA==",
      "license": "MIT"
    },
    "node_modules/get-port-please": {
      "version": "3.2.0",
      "resolved": "https://registry.npmjs.org/get-port-please/-/get-port-please-3.2.0.tgz",
      "integrity": "sha512-I9QVvBw5U/hw3RmWpYKRumUeaDgxTPd401x364rLmWBJcOQ753eov1eTgzDqRG9bqFIfDc7gfzcQEWrUri3o1A==",
      "license": "MIT"
    },
    "node_modules/h3": {
      "version": "1.15.11",
      "resolved": "https://registry.npmjs.org/h3/-/h3-1.15.11.tgz",
      "integrity": "sha512-L3THSe2MPeBwgIZVSH5zLdBBU90TOxarvhK9d04IDY2AmVS8j2Jz2LIWtwsGOU3lu2I5jCN7FNvVfY2+XyF+mg==",
      "license": "MIT",
      "dependencies": {
        "cookie-es": "^1.2.3",
        "crossws": "^0.3.5",
        "defu": "^6.1.6",
        "destr": "^2.0.5",
        "iron-webcrypto": "^1.2.1",
        "node-mock-http": "^1.0.4",
        "radix3": "^1.1.2",
        "ufo": "^1.6.3",
        "uncrypto": "^0.1.3"
      }
    },
    "node_modules/http-shutdown": {
      "version": "1.2.2",
      "resolved": "https://registry.npmjs.org/http-shutdown/-/http-shutdown-1.2.2.tgz",
      "integrity": "sha512-S9wWkJ/VSY9/k4qcjG318bqJNruzE4HySUhFYknwmu6LBP97KLLfwNf+n4V1BHurvFNkSKLFnK/RsuUnRTf9Vw==",
      "license": "MIT",
      "engines": {
        "iojs": ">= 1.0.0",
        "node": ">= 0.12.0"
      }
    },
    "node_modules/iron-webcrypto": {
      "version": "1.2.1",
      "resolved": "https://registry.npmjs.org/iron-webcrypto/-/iron-webcrypto-1.2.1.tgz",
      "integrity": "sha512-feOM6FaSr6rEABp/eDfVseKyTMDt+KGpeB35SkVn9Tyn0CqvVsY3EwI0v5i8nMHyJnzCIQf7nsy3p41TPkJZhg==",
      "license": "MIT",
      "funding": {
        "url": "https://github.com/sponsors/brc-dd"
      }
    },
    "node_modules/is-extglob": {
      "version": "2.1.1",
      "resolved": "https://registry.npmjs.org/is-extglob/-/is-extglob-2.1.1.tgz",
      "integrity": "sha512-SbKbANkN603Vi4jEZv49LeVJMn4yGwsbzZworEoyEiutsN3nJYdbO36zfhGJ6QEDpOZIFkDtnq5JRxmvl3jsoQ==",
      "license": "MIT",
      "engines": {
        "node": ">=0.10.0"
      }
    },
    "node_modules/is-glob": {
      "version": "4.0.3",
      "resolved": "https://registry.npmjs.org/is-glob/-/is-glob-4.0.3.tgz",
      "integrity": "sha512-xelSayHH36ZgE7ZWhli7pW34hNbNl8Ojv5KVmkJD4hBdD3th8Tfk9vYasLM+mXWOZhFkgZfxhLSnrwRr4elSSg==",
      "license": "MIT",
      "dependencies": {
        "is-extglob": "^2.1.1"
      },
      "engines": {
        "node": ">=0.10.0"
      }
    },
    "node_modules/jiti": {
      "version": "2.7.0",
      "resolved": "https://registry.npmjs.org/jiti/-/jiti-2.7.0.tgz",
      "integrity": "sha512-AC/7JofJvZGrrneWNaEnJeOLUx+JlGt7tNa0wZiRPT4MY1wmfKjt2+6O2p2uz2+skll8OZZmJMNqeke7kKbNgQ==",
      "license": "MIT",
      "bin": {
        "jiti": "lib/jiti-cli.mjs"
      }
    },
    "node_modules/listhen": {
      "version": "1.10.1",
      "resolved": "https://registry.npmjs.org/listhen/-/listhen-1.10.1.tgz",
      "integrity": "sha512-6nt/86SkqUQSLW1ofz8MxC6RhRMqOl3ONISe6qqvJ3xj09aJWQx6DhgSZpugs3PX4PXdOas/WD6A9jx6J2N19A==",
      "license": "MIT",
      "dependencies": {
        "@parcel/watcher-wasm": "^2.5.6",
        "citty": "^0.2.2",
        "consola": "^3.4.2",
        "crossws": "^0.4.10",
        "defu": "^6.1.7",
        "get-port-please": "^3.2.0",
        "h3": "^1.15.11",
        "http-shutdown": "^1.2.2",
        "jiti": "^2.7.0",
        "node-forge": "^1.4.0",
        "pathe": "^2.0.3",
        "std-env": "^4.2.0",
        "tinyclip": "^0.1.15",
        "ufo": "^1.6.4",
        "untun": "^0.2.2",
        "uqr": "^0.1.3"
      },
      "bin": {
        "listen": "bin/listhen.mjs",
        "listhen": "bin/listhen.mjs"
      },
      "peerDependencies": {
        "@parcel/watcher": "^2.5.6"
      },
      "peerDependenciesMeta": {
        "@parcel/watcher": {
          "optional": true
        }
      }
    },
    "node_modules/listhen/node_modules/crossws": {
      "version": "0.4.12",
      "resolved": "https://registry.npmjs.org/crossws/-/crossws-0.4.12.tgz",
      "integrity": "sha512-aypfsr6t0uNvkqaZc6zvBfXzC6pLI0/sIulpkV6RwCVtZqG5ebBzv4weImKK0VNCj91Wl9F5j7p5WU4MNrybng==",
      "license": "MIT",
      "peerDependencies": {
        "srvx": ">=0.11.5"
      },
      "peerDependenciesMeta": {
        "srvx": {
          "optional": true
        }
      }
    },
    "node_modules/node-forge": {
      "version": "1.4.0",
      "resolved": "https://registry.npmjs.org/node-forge/-/node-forge-1.4.0.tgz",
      "integrity": "sha512-LarFH0+6VfriEhqMMcLX2F7SwSXeWwnEAJEsYm5QKWchiVYVvJyV9v7UDvUv+w5HO23ZpQTXDv/GxdDdMyOuoQ==",
      "license": "(BSD-3-Clause OR GPL-2.0)",
      "engines": {
        "node": ">= 6.13.0"
      }
    },
    "node_modules/node-mock-http": {
      "version": "1.0.5",
      "resolved": "https://registry.npmjs.org/node-mock-http/-/node-mock-http-1.0.5.tgz",
      "integrity": "sha512-KQyt/wLjG3TAc7DOUhpqWzgd4ERxR80JOlTK5VE5R1S12IaPVN5qkj4klBce9HPG1Njuup4Sb5bljaT34lIyjw==",
      "license": "MIT"
    },
    "node_modules/pathe": {
      "version": "2.0.3",
      "resolved": "https://registry.npmjs.org/pathe/-/pathe-2.0.3.tgz",
      "integrity": "sha512-WUjGcAqP1gQacoQe+OBJsFA7Ld4DyXuUIjZ5cc75cLHvJ7dtNsTugphxIADwspS+AraAUePCKrSVtPLFj/F88w==",
      "license": "MIT"
    },
    "node_modules/picomatch": {
      "version": "4.0.7",
      "resolved": "https://registry.npmjs.org/picomatch/-/picomatch-4.0.7.tgz",
      "integrity": "sha512-qcJu88Q2IWqJsDD529JKMdwGm/dvInW4HvQnRwiH9JtihJvzGOscDtHE3x1pBKeUOTysQ8kVmLnJ2kJu7yhcGA==",
      "license": "MIT",
      "engines": {
        "node": ">=12"
      },
      "funding": {
        "url": "https://github.com/sponsors/jonschlinkert"
      }
    },
    "node_modules/radix3": {
      "version": "1.1.2",
      "resolved": "https://registry.npmjs.org/radix3/-/radix3-1.1.2.tgz",
      "integrity": "sha512-b484I/7b8rDEdSDKckSSBA8knMpcdsXudlE/LNL639wFoHKwLbEkQFZHWEYwDC0wa0FKUcCY+GAF73Z7wxNVFA==",
      "license": "MIT"
    },
    "node_modules/std-env": {
      "version": "4.2.0",
      "resolved": "https://registry.npmjs.org/std-env/-/std-env-4.2.0.tgz",
      "integrity": "sha512-oCUKSupKTHX53EyjDtuZQ64pjLJ6yYCtpmEw0goYxtjG9KpbRe8KAsl2tBUGU9DyMcJ0RwJ8GqJAFzMXcXW1Rw==",
      "license": "MIT"
    },
    "node_modules/tinyclip": {
      "version": "0.1.15",
      "resolved": "https://registry.npmjs.org/tinyclip/-/tinyclip-0.1.15.tgz",
      "integrity": "sha512-uo33abH+Ays0xYaDysoBt494Hb3hsEczMpcC0MwFl773pazORx4fmvKhclhR1wonUbB6vvpRsvVMwnhfqeMc+A==",
      "license": "MIT",
      "engines": {
        "node": "^16.14.0 || >= 17.3.0"
      }
    },
    "node_modules/ufo": {
      "version": "1.6.4",
      "resolved": "https://registry.npmjs.org/ufo/-/ufo-1.6.4.tgz",
      "integrity": "sha512-JFNbkD1Svwe0KvGi8GOeLcP4kAWQ609twvCdcHxq1oSL8svv39ZuSvajcD8B+5D0eL4+s1Is2D/O6KN3qcTeRA==",
      "license": "MIT"
    },
    "node_modules/uncrypto": {
      "version": "0.1.3",
      "resolved": "https://registry.npmjs.org/uncrypto/-/uncrypto-0.1.3.tgz",
      "integrity": "sha512-Ql87qFHB3s/De2ClA9e0gsnS6zXG27SkTiSJwjCc9MebbfapQfuPzumMIUMi38ezPZVNFcHI9sUIepeQfw8J8Q==",
      "license": "MIT"
    },
    "node_modules/untun": {
      "version": "0.2.2",
      "resolved": "https://registry.npmjs.org/untun/-/untun-0.2.2.tgz",
      "integrity": "sha512-+NnOJcSiEtYsVgJmXUzQbJeRAFXJC4yPJYuh6kF9B0Rm6zunXcs/3GZOTllyocSbUDIxD6Bj7e/4ATw7sph1Sw==",
      "license": "MIT",
      "bin": {
        "untun": "dist/cli.mjs"
      }
    },
    "node_modules/uqr": {
      "version": "0.1.3",
      "resolved": "https://registry.npmjs.org/uqr/-/uqr-0.1.3.tgz",
      "integrity": "sha512-0rjE8iEJe4YmT9TOhwsZtqCMRLc5DXZUI2UEYUUg63ikBkqqE5EYWaI0etFe/5KUcmcYwLih2RND1kq+hrUJXA==",
      "license": "MIT"
    }
  }
}
